// !$*UTF8*$!
{
	archiveVersion = 1;
	classes = {
	};
	objectVersion = 46;
	objects = {

/* Begin PBXBuildFile section */
		0110AA5C1C0D8D03009A8660 /* PopularGoodsCell.m in Sources */ = {isa = PBXBuildFile; fileRef = 0110AA5A1C0D8D03009A8660 /* PopularGoodsCell.m */; };
		0110AA5D1C0D8D03009A8660 /* PopularGoodsCell.xib in Resources */ = {isa = PBXBuildFile; fileRef = 0110AA5B1C0D8D03009A8660 /* PopularGoodsCell.xib */; };
		0111B9DF1C03540D00DDC2EA /* PersonalView.xib in Resources */ = {isa = PBXBuildFile; fileRef = 0111B9DE1C03540D00DDC2EA /* PersonalView.xib */; };
		0111B9E31C03543F00DDC2EA /* PersonalController.m in Sources */ = {isa = PBXBuildFile; fileRef = 0111B9E21C03543F00DDC2EA /* PersonalController.m */; };
		0111B9E81C03548300DDC2EA /* ShopCartView.xib in Resources */ = {isa = PBXBuildFile; fileRef = 0111B9E71C03548300DDC2EA /* ShopCartView.xib */; };
		0111B9ED1C0354B100DDC2EA /* ShopCartController.m in Sources */ = {isa = PBXBuildFile; fileRef = 0111B9EC1C0354B100DDC2EA /* ShopCartController.m */; };
		0111B9F51C03550F00DDC2EA /* AllGoodsController.m in Sources */ = {isa = PBXBuildFile; fileRef = 0111B9F41C03550F00DDC2EA /* AllGoodsController.m */; };
		0111BA021C03564500DDC2EA /* AnnounceController.m in Sources */ = {isa = PBXBuildFile; fileRef = 0111BA011C03564500DDC2EA /* AnnounceController.m */; };
		0111BA141C03709700DDC2EA /* GoodsNavController.m in Sources */ = {isa = PBXBuildFile; fileRef = 0111BA131C03709700DDC2EA /* GoodsNavController.m */; };
		0111BA171C0370AD00DDC2EA /* ShopNavController.m in Sources */ = {isa = PBXBuildFile; fileRef = 0111BA161C0370AD00DDC2EA /* ShopNavController.m */; };
		0111BA1A1C0370D600DDC2EA /* PerNavController.m in Sources */ = {isa = PBXBuildFile; fileRef = 0111BA191C0370D600DDC2EA /* PerNavController.m */; };
		0111BA201C0371B000DDC2EA /* HomeNavController.m in Sources */ = {isa = PBXBuildFile; fileRef = 0111BA1F1C0371B000DDC2EA /* HomeNavController.m */; };
		0111BA231C0372D700DDC2EA /* MainTabBarController.m in Sources */ = {isa = PBXBuildFile; fileRef = 0111BA221C0372D700DDC2EA /* MainTabBarController.m */; };
		011E374A1C1E5DA30032FB13 /* IMG_0098.PNG in Resources */ = {isa = PBXBuildFile; fileRef = 011E37491C1E5DA30032FB13 /* IMG_0098.PNG */; };
		011E374E1C1E5F960032FB13 /* SelectCloudNumCell.m in Sources */ = {isa = PBXBuildFile; fileRef = 011E374C1C1E5F960032FB13 /* SelectCloudNumCell.m */; };
		011E374F1C1E5F960032FB13 /* SelectCloudNumCell.xib in Resources */ = {isa = PBXBuildFile; fileRef = 011E374D1C1E5F960032FB13 /* SelectCloudNumCell.xib */; };
		011E37521C1E64830032FB13 /* SelectCloudNumController.m in Sources */ = {isa = PBXBuildFile; fileRef = 011E37511C1E64830032FB13 /* SelectCloudNumController.m */; };
		0126263B1C1AB98E00509985 /* IMG_0079.PNG in Resources */ = {isa = PBXBuildFile; fileRef = 012626391C1AB98E00509985 /* IMG_0079.PNG */; };
		0126263C1C1AB98E00509985 /* IMG_0080.PNG in Resources */ = {isa = PBXBuildFile; fileRef = 0126263A1C1AB98E00509985 /* IMG_0080.PNG */; };
		012626401C1ABA7400509985 /* CloudRecordCell.m in Sources */ = {isa = PBXBuildFile; fileRef = 0126263E1C1ABA7400509985 /* CloudRecordCell.m */; };
		012626411C1ABA7400509985 /* CloudRecordCell.xib in Resources */ = {isa = PBXBuildFile; fileRef = 0126263F1C1ABA7400509985 /* CloudRecordCell.xib */; };
		012626441C1AC2AF00509985 /* CloudRecordController.m in Sources */ = {isa = PBXBuildFile; fileRef = 012626431C1AC2AF00509985 /* CloudRecordController.m */; };
		012626471C1AC39600509985 /* MyCloudRecordController.m in Sources */ = {isa = PBXBuildFile; fileRef = 012626461C1AC39600509985 /* MyCloudRecordController.m */; };
		0126264A1C1ACE9900509985 /* DetailController.m in Sources */ = {isa = PBXBuildFile; fileRef = 012626491C1ACE9900509985 /* DetailController.m */; };
		014A07711C148EE000EEBD78 /* 3.jpg in Resources */ = {isa = PBXBuildFile; fileRef = 014A076E1C148EE000EEBD78 /* 3.jpg */; };
		014A07721C148EE000EEBD78 /* 2.jpg in Resources */ = {isa = PBXBuildFile; fileRef = 014A076F1C148EE000EEBD78 /* 2.jpg */; };
		014A07731C148EE000EEBD78 /* 1.jpg in Resources */ = {isa = PBXBuildFile; fileRef = 014A07701C148EE000EEBD78 /* 1.jpg */; };
		014FEFAA1C06018300C247C5 /* LoginController.m in Sources */ = {isa = PBXBuildFile; fileRef = 014FEFA91C06018300C247C5 /* LoginController.m */; };
		014FEFAC1C0602C000C247C5 /* 登录.PNG in Resources */ = {isa = PBXBuildFile; fileRef = 014FEFAB1C0602C000C247C5 /* 登录.PNG */; };
		014FEFB01C060B9C00C247C5 /* ARLabel.m in Sources */ = {isa = PBXBuildFile; fileRef = 014FEFAF1C060B9C00C247C5 /* ARLabel.m */; };
		015B58B91C213E83008EF7A1 /* GoodsSortCell.m in Sources */ = {isa = PBXBuildFile; fileRef = 015B58B71C213E83008EF7A1 /* GoodsSortCell.m */; };
		015B58BA1C213E83008EF7A1 /* GoodsSortCell.xib in Resources */ = {isa = PBXBuildFile; fileRef = 015B58B81C213E83008EF7A1 /* GoodsSortCell.xib */; };
		015B58BD1C215D4E008EF7A1 /* IMG_0115.PNG in Resources */ = {isa = PBXBuildFile; fileRef = 015B58BB1C215D4E008EF7A1 /* IMG_0115.PNG */; };
		015B58BE1C215D4E008EF7A1 /* IMG_0114.PNG in Resources */ = {isa = PBXBuildFile; fileRef = 015B58BC1C215D4E008EF7A1 /* IMG_0114.PNG */; };
		015B58C21C215EB9008EF7A1 /* ShareOrderCell.m in Sources */ = {isa = PBXBuildFile; fileRef = 015B58C01C215EB9008EF7A1 /* ShareOrderCell.m */; };
		015B58C31C215EB9008EF7A1 /* ShareOrderCell.xib in Resources */ = {isa = PBXBuildFile; fileRef = 015B58C11C215EB9008EF7A1 /* ShareOrderCell.xib */; };
		015B58C61C216BCB008EF7A1 /* ShareOrderController.m in Sources */ = {isa = PBXBuildFile; fileRef = 015B58C51C216BCB008EF7A1 /* ShareOrderController.m */; };
		01652BBF1C19CFBD00310880 /* IMG_0076.PNG in Resources */ = {isa = PBXBuildFile; fileRef = 01652BBD1C19CFBD00310880 /* IMG_0076.PNG */; };
		01652BC01C19CFBD00310880 /* IMG_0077.PNG in Resources */ = {isa = PBXBuildFile; fileRef = 01652BBE1C19CFBD00310880 /* IMG_0077.PNG */; };
		01652BC31C19E1B700310880 /* GoodsDetailController.m in Sources */ = {isa = PBXBuildFile; fileRef = 01652BC21C19E1B700310880 /* GoodsDetailController.m */; };
		01747DFC1C1D54270051086C /* CloudNumberCell.m in Sources */ = {isa = PBXBuildFile; fileRef = 01747DFA1C1D54270051086C /* CloudNumberCell.m */; };
		01747DFD1C1D54270051086C /* CloudNumberCell.xib in Resources */ = {isa = PBXBuildFile; fileRef = 01747DFB1C1D54270051086C /* CloudNumberCell.xib */; };
		01747E061C1D5ADD0051086C /* DidAnnounceController.m in Sources */ = {isa = PBXBuildFile; fileRef = 01747E051C1D5ADD0051086C /* DidAnnounceController.m */; };
		01747E091C1D65E20051086C /* IMG_0093.PNG in Resources */ = {isa = PBXBuildFile; fileRef = 01747E071C1D65E20051086C /* IMG_0093.PNG */; };
		01747E0A1C1D65E20051086C /* IMG_0094.PNG in Resources */ = {isa = PBXBuildFile; fileRef = 01747E081C1D65E20051086C /* IMG_0094.PNG */; };
		01747E0D1C1D68660051086C /* CloudNumberController.m in Sources */ = {isa = PBXBuildFile; fileRef = 01747E0C1C1D68660051086C /* CloudNumberController.m */; };
		01747E101C1D6BA60051086C /* InAnnounceController.m in Sources */ = {isa = PBXBuildFile; fileRef = 01747E0F1C1D6BA60051086C /* InAnnounceController.m */; };
		01747E141C1D76CC0051086C /* ComputeDetailCell.m in Sources */ = {isa = PBXBuildFile; fileRef = 01747E121C1D76CC0051086C /* ComputeDetailCell.m */; };
		01747E151C1D76CC0051086C /* ComputeDetailCell.xib in Resources */ = {isa = PBXBuildFile; fileRef = 01747E131C1D76CC0051086C /* ComputeDetailCell.xib */; };
		01782B721C05EF850028768F /* PerTableController.m in Sources */ = {isa = PBXBuildFile; fileRef = 01782B711C05EF850028768F /* PerTableController.m */; };
		017F6BE11C02BE050040385A /* Plug_Controller.m in Sources */ = {isa = PBXBuildFile; fileRef = 017F6BE01C02BE050040385A /* Plug_Controller.m */; };
		017F6BE31C02BE2D0040385A /* Main.storyboard in Resources */ = {isa = PBXBuildFile; fileRef = 017F6BE21C02BE2D0040385A /* Main.storyboard */; };
		018619E11C15DAE400EABF64 /* IMG_0048.PNG in Resources */ = {isa = PBXBuildFile; fileRef = 018619E01C15DAE400EABF64 /* IMG_0048.PNG */; };
		018619E51C15DC8200EABF64 /* AllGoodsCell.m in Sources */ = {isa = PBXBuildFile; fileRef = 018619E31C15DC8200EABF64 /* AllGoodsCell.m */; };
		018619E61C15DC8200EABF64 /* AllGoodsCell.xib in Resources */ = {isa = PBXBuildFile; fileRef = 018619E41C15DC8200EABF64 /* AllGoodsCell.xib */; };
		018619E81C15DE5200EABF64 /* 20150427091614458.jpg in Resources */ = {isa = PBXBuildFile; fileRef = 018619E71C15DE5200EABF64 /* 20150427091614458.jpg */; };
		0186281D1C21B54F003C9C21 /* IMG_0116.PNG in Resources */ = {isa = PBXBuildFile; fileRef = 0186281C1C21B54F003C9C21 /* IMG_0116.PNG */; };
		018628201C21B75B003C9C21 /* ShareOrderDetailController.m in Sources */ = {isa = PBXBuildFile; fileRef = 0186281F1C21B75B003C9C21 /* ShareOrderDetailController.m */; };
		018A08AD1C1BECB1009C6BAD /* IMG_0087.PNG in Resources */ = {isa = PBXBuildFile; fileRef = 018A08AB1C1BECB1009C6BAD /* IMG_0087.PNG */; };
		018A08AE1C1BECB1009C6BAD /* IMG_0088.PNG in Resources */ = {isa = PBXBuildFile; fileRef = 018A08AC1C1BECB1009C6BAD /* IMG_0088.PNG */; };
		018A08B01C1BFE34009C6BAD /* IMG_0089.PNG in Resources */ = {isa = PBXBuildFile; fileRef = 018A08AF1C1BFE34009C6BAD /* IMG_0089.PNG */; };
		019E096A1C17342A0022593A /* AnnNavController.m in Sources */ = {isa = PBXBuildFile; fileRef = 019E09691C17342A0022593A /* AnnNavController.m */; };
		019E096D1C17343A0022593A /* IMG_0064.PNG in Resources */ = {isa = PBXBuildFile; fileRef = 019E096B1C17343A0022593A /* IMG_0064.PNG */; };
		019E096E1C17343A0022593A /* IMG_0065.PNG in Resources */ = {isa = PBXBuildFile; fileRef = 019E096C1C17343A0022593A /* IMG_0065.PNG */; };
		019E09721C173C730022593A /* NewGoodsCell.m in Sources */ = {isa = PBXBuildFile; fileRef = 019E09701C173C730022593A /* NewGoodsCell.m */; };
		019E09731C173C730022593A /* NewGoodsCell.xib in Resources */ = {isa = PBXBuildFile; fileRef = 019E09711C173C730022593A /* NewGoodsCell.xib */; };
		019E09751C1741C70022593A /* IMG_0066.JPG in Resources */ = {isa = PBXBuildFile; fileRef = 019E09741C1741C70022593A /* IMG_0066.JPG */; };
		01B7AC771C23E62700D09565 /* HistoryTableViewCell.m in Sources */ = {isa = PBXBuildFile; fileRef = 01B7AC711C23E62700D09565 /* HistoryTableViewCell.m */; };
		01B7AC781C23E62700D09565 /* HistoryTableViewCell.xib in Resources */ = {isa = PBXBuildFile; fileRef = 01B7AC721C23E62700D09565 /* HistoryTableViewCell.xib */; };
		01B7AC791C23E62700D09565 /* HWSearchBar.m in Sources */ = {isa = PBXBuildFile; fileRef = 01B7AC741C23E62700D09565 /* HWSearchBar.m */; };
		01B7AC7A1C23E62700D09565 /* UIView+Extension.m in Sources */ = {isa = PBXBuildFile; fileRef = 01B7AC761C23E62700D09565 /* UIView+Extension.m */; };
		01B7AC811C23F01300D09565 /* DB.m in Sources */ = {isa = PBXBuildFile; fileRef = 01B7AC7D1C23F01300D09565 /* DB.m */; };
		01B7AC821C23F01300D09565 /* HistoryClass.m in Sources */ = {isa = PBXBuildFile; fileRef = 01B7AC7F1C23F01300D09565 /* HistoryClass.m */; };
		01B7AC831C23F01300D09565 /* HITORY.sqlite in Resources */ = {isa = PBXBuildFile; fileRef = 01B7AC801C23F01300D09565 /* HITORY.sqlite */; };
		01B7AC851C23F5EA00D09565 /* libsqlite3.0.tbd in Frameworks */ = {isa = PBXBuildFile; fileRef = 01B7AC841C23F5EA00D09565 /* libsqlite3.0.tbd */; };
		01CB8CDA1C11A6AB00DB67C0 /* IndexController.m in Sources */ = {isa = PBXBuildFile; fileRef = 01CB8CD91C11A6AB00DB67C0 /* IndexController.m */; };
		01D3419F1C029C9C000A32A1 /* main.m in Sources */ = {isa = PBXBuildFile; fileRef = 01D3419E1C029C9C000A32A1 /* main.m */; };
		01D341A21C029C9C000A32A1 /* AppDelegate.m in Sources */ = {isa = PBXBuildFile; fileRef = 01D341A11C029C9C000A32A1 /* AppDelegate.m */; };
		01D341AA1C029C9C000A32A1 /* Assets.xcassets in Resources */ = {isa = PBXBuildFile; fileRef = 01D341A91C029C9C000A32A1 /* Assets.xcassets */; };
		01D3B72D1C1FDC8600C86772 /* IMG_0108.PNG in Resources */ = {isa = PBXBuildFile; fileRef = 01D3B72C1C1FDC8600C86772 /* IMG_0108.PNG */; };
		01D3B7311C1FDE0E00C86772 /* GoodsCategoryCell.m in Sources */ = {isa = PBXBuildFile; fileRef = 01D3B72F1C1FDE0E00C86772 /* GoodsCategoryCell.m */; };
		01D3B7321C1FDE0E00C86772 /* GoodsCategoryCell.xib in Resources */ = {isa = PBXBuildFile; fileRef = 01D3B7301C1FDE0E00C86772 /* GoodsCategoryCell.xib */; };
		01E96BA91C1DC5C3006ED4CD /* ComputeDetailController.m in Sources */ = {isa = PBXBuildFile; fileRef = 01E96BA81C1DC5C3006ED4CD /* ComputeDetailController.m */; };
		01F712891C1A617200D859A7 /* UITabBarController+ShowHideBar.m in Sources */ = {isa = PBXBuildFile; fileRef = 01F712881C1A617200D859A7 /* UITabBarController+ShowHideBar.m */; };
		01F876961C224F7B00FF0801 /* IMG_0117.PNG in Resources */ = {isa = PBXBuildFile; fileRef = 01F876951C224F7B00FF0801 /* IMG_0117.PNG */; };
		01F876981C22515500FF0801 /* IMG_0118.PNG in Resources */ = {isa = PBXBuildFile; fileRef = 01F876971C22515500FF0801 /* IMG_0118.PNG */; };
		01F8769C1C226A3E00FF0801 /* SearchWordCell.m in Sources */ = {isa = PBXBuildFile; fileRef = 01F8769A1C226A3E00FF0801 /* SearchWordCell.m */; };
		01F8769D1C226A3E00FF0801 /* SearchWordCell.xib in Resources */ = {isa = PBXBuildFile; fileRef = 01F8769B1C226A3E00FF0801 /* SearchWordCell.xib */; };
		01F876A01C22857000FF0801 /* SearchWordController.m in Sources */ = {isa = PBXBuildFile; fileRef = 01F8769F1C22857000FF0801 /* SearchWordController.m */; };
		01F876A21C22937300FF0801 /* 12345.png in Resources */ = {isa = PBXBuildFile; fileRef = 01F876A11C22937300FF0801 /* 12345.png */; };
		09E54489D16DFEBC046E3C51 /* libPods.a in Frameworks */ = {isa = PBXBuildFile; fileRef = D5EDE4F39F0C4F8145C3E8A5 /* libPods.a */; };
/* End PBXBuildFile section */

/* Begin PBXFileReference section */
		0110AA591C0D8D03009A8660 /* PopularGoodsCell.h */ = {isa = PBXFileReference; fileEncoding = 4; lastKnownFileType = sourcecode.c.h; path = PopularGoodsCell.h; sourceTree = "<group>"; };
		0110AA5A1C0D8D03009A8660 /* PopularGoodsCell.m */ = {isa = PBXFileReference; fileEncoding = 4; lastKnownFileType = sourcecode.c.objc; path = PopularGoodsCell.m; sourceTree = "<group>"; };
		0110AA5B1C0D8D03009A8660 /* PopularGoodsCell.xib */ = {isa = PBXFileReference; fileEncoding = 4; lastKnownFileType = file.xib; path = PopularGoodsCell.xib; sourceTree = "<group>"; };
		0111B9DE1C03540D00DDC2EA /* PersonalView.xib */ = {isa = PBXFileReference; fileEncoding = 4; lastKnownFileType = file.xib; path = PersonalView.xib; sourceTree = "<group>"; };
		0111B9E11C03543F00DDC2EA /* PersonalController.h */ = {isa = PBXFileReference; fileEncoding = 4; lastKnownFileType = sourcecode.c.h; path = PersonalController.h; sourceTree = "<group>"; };
		0111B9E21C03543F00DDC2EA /* PersonalController.m */ = {isa = PBXFileReference; fileEncoding = 4; lastKnownFileType = sourcecode.c.objc; path = PersonalController.m; sourceTree = "<group>"; };
		0111B9E71C03548300DDC2EA /* ShopCartView.xib */ = {isa = PBXFileReference; fileEncoding = 4; lastKnownFileType = file.xib; path = ShopCartView.xib; sourceTree = "<group>"; };
		0111B9EB1C0354B100DDC2EA /* ShopCartController.h */ = {isa = PBXFileReference; fileEncoding = 4; lastKnownFileType = sourcecode.c.h; path = ShopCartController.h; sourceTree = "<group>"; };
		0111B9EC1C0354B100DDC2EA /* ShopCartController.m */ = {isa = PBXFileReference; fileEncoding = 4; lastKnownFileType = sourcecode.c.objc; path = ShopCartController.m; sourceTree = "<group>"; };
		0111B9F31C03550F00DDC2EA /* AllGoodsController.h */ = {isa = PBXFileReference; fileEncoding = 4; lastKnownFileType = sourcecode.c.h; path = AllGoodsController.h; sourceTree = "<group>"; };
		0111B9F41C03550F00DDC2EA /* AllGoodsController.m */ = {isa = PBXFileReference; fileEncoding = 4; lastKnownFileType = sourcecode.c.objc; path = AllGoodsController.m; sourceTree = "<group>"; };
		0111BA001C03564500DDC2EA /* AnnounceController.h */ = {isa = PBXFileReference; fileEncoding = 4; lastKnownFileType = sourcecode.c.h; name = AnnounceController.h; path = CrowdfundingShop/Classes/Main/Announce/Controller/AnnounceController.h; sourceTree = SOURCE_ROOT; };
		0111BA011C03564500DDC2EA /* AnnounceController.m */ = {isa = PBXFileReference; fileEncoding = 4; lastKnownFileType = sourcecode.c.objc; name = AnnounceController.m; path = CrowdfundingShop/Classes/Main/Announce/Controller/AnnounceController.m; sourceTree = SOURCE_ROOT; };
		0111BA121C03709700DDC2EA /* GoodsNavController.h */ = {isa = PBXFileReference; fileEncoding = 4; lastKnownFileType = sourcecode.c.h; path = GoodsNavController.h; sourceTree = "<group>"; };
		0111BA131C03709700DDC2EA /* GoodsNavController.m */ = {isa = PBXFileReference; fileEncoding = 4; lastKnownFileType = sourcecode.c.objc; path = GoodsNavController.m; sourceTree = "<group>"; };
		0111BA151C0370AD00DDC2EA /* ShopNavController.h */ = {isa = PBXFileReference; fileEncoding = 4; lastKnownFileType = sourcecode.c.h; path = ShopNavController.h; sourceTree = "<group>"; };
		0111BA161C0370AD00DDC2EA /* ShopNavController.m */ = {isa = PBXFileReference; fileEncoding = 4; lastKnownFileType = sourcecode.c.objc; path = ShopNavController.m; sourceTree = "<group>"; };
		0111BA181C0370D600DDC2EA /* PerNavController.h */ = {isa = PBXFileReference; fileEncoding = 4; lastKnownFileType = sourcecode.c.h; path = PerNavController.h; sourceTree = "<group>"; };
		0111BA191C0370D600DDC2EA /* PerNavController.m */ = {isa = PBXFileReference; fileEncoding = 4; lastKnownFileType = sourcecode.c.objc; path = PerNavController.m; sourceTree = "<group>"; };
		0111BA1E1C0371B000DDC2EA /* HomeNavController.h */ = {isa = PBXFileReference; fileEncoding = 4; lastKnownFileType = sourcecode.c.h; path = HomeNavController.h; sourceTree = "<group>"; };
		0111BA1F1C0371B000DDC2EA /* HomeNavController.m */ = {isa = PBXFileReference; fileEncoding = 4; lastKnownFileType = sourcecode.c.objc; path = HomeNavController.m; sourceTree = "<group>"; };
		0111BA211C0372D700DDC2EA /* MainTabBarController.h */ = {isa = PBXFileReference; fileEncoding = 4; lastKnownFileType = sourcecode.c.h; path = MainTabBarController.h; sourceTree = "<group>"; };
		0111BA221C0372D700DDC2EA /* MainTabBarController.m */ = {isa = PBXFileReference; fileEncoding = 4; lastKnownFileType = sourcecode.c.objc; path = MainTabBarController.m; sourceTree = "<group>"; };
		011E37491C1E5DA30032FB13 /* IMG_0098.PNG */ = {isa = PBXFileReference; lastKnownFileType = image.png; path = IMG_0098.PNG; sourceTree = "<group>"; };
		011E374B1C1E5F960032FB13 /* SelectCloudNumCell.h */ = {isa = PBXFileReference; fileEncoding = 4; lastKnownFileType = sourcecode.c.h; path = SelectCloudNumCell.h; sourceTree = "<group>"; };
		011E374C1C1E5F960032FB13 /* SelectCloudNumCell.m */ = {isa = PBXFileReference; fileEncoding = 4; lastKnownFileType = sourcecode.c.objc; path = SelectCloudNumCell.m; sourceTree = "<group>"; };
		011E374D1C1E5F960032FB13 /* SelectCloudNumCell.xib */ = {isa = PBXFileReference; fileEncoding = 4; lastKnownFileType = file.xib; path = SelectCloudNumCell.xib; sourceTree = "<group>"; };
		011E37501C1E64830032FB13 /* SelectCloudNumController.h */ = {isa = PBXFileReference; fileEncoding = 4; lastKnownFileType = sourcecode.c.h; path = SelectCloudNumController.h; sourceTree = "<group>"; };
		011E37511C1E64830032FB13 /* SelectCloudNumController.m */ = {isa = PBXFileReference; fileEncoding = 4; lastKnownFileType = sourcecode.c.objc; path = SelectCloudNumController.m; sourceTree = "<group>"; };
		012626391C1AB98E00509985 /* IMG_0079.PNG */ = {isa = PBXFileReference; lastKnownFileType = image.png; path = IMG_0079.PNG; sourceTree = "<group>"; };
		0126263A1C1AB98E00509985 /* IMG_0080.PNG */ = {isa = PBXFileReference; lastKnownFileType = image.png; path = IMG_0080.PNG; sourceTree = "<group>"; };
		0126263D1C1ABA7400509985 /* CloudRecordCell.h */ = {isa = PBXFileReference; fileEncoding = 4; lastKnownFileType = sourcecode.c.h; path = CloudRecordCell.h; sourceTree = "<group>"; };
		0126263E1C1ABA7400509985 /* CloudRecordCell.m */ = {isa = PBXFileReference; fileEncoding = 4; lastKnownFileType = sourcecode.c.objc; path = CloudRecordCell.m; sourceTree = "<group>"; };
		0126263F1C1ABA7400509985 /* CloudRecordCell.xib */ = {isa = PBXFileReference; fileEncoding = 4; lastKnownFileType = file.xib; path = CloudRecordCell.xib; sourceTree = "<group>"; };
		012626421C1AC2AF00509985 /* CloudRecordController.h */ = {isa = PBXFileReference; fileEncoding = 4; lastKnownFileType = sourcecode.c.h; path = CloudRecordController.h; sourceTree = "<group>"; };
		012626431C1AC2AF00509985 /* CloudRecordController.m */ = {isa = PBXFileReference; fileEncoding = 4; lastKnownFileType = sourcecode.c.objc; path = CloudRecordController.m; sourceTree = "<group>"; };
		012626451C1AC39600509985 /* MyCloudRecordController.h */ = {isa = PBXFileReference; fileEncoding = 4; lastKnownFileType = sourcecode.c.h; path = MyCloudRecordController.h; sourceTree = "<group>"; };
		012626461C1AC39600509985 /* MyCloudRecordController.m */ = {isa = PBXFileReference; fileEncoding = 4; lastKnownFileType = sourcecode.c.objc; path = MyCloudRecordController.m; sourceTree = "<group>"; };
		012626481C1ACE9900509985 /* DetailController.h */ = {isa = PBXFileReference; fileEncoding = 4; lastKnownFileType = sourcecode.c.h; path = DetailController.h; sourceTree = "<group>"; };
		012626491C1ACE9900509985 /* DetailController.m */ = {isa = PBXFileReference; fileEncoding = 4; lastKnownFileType = sourcecode.c.objc; path = DetailController.m; sourceTree = "<group>"; };
		014A076E1C148EE000EEBD78 /* 3.jpg */ = {isa = PBXFileReference; lastKnownFileType = image.jpeg; path = 3.jpg; sourceTree = "<group>"; };
		014A076F1C148EE000EEBD78 /* 2.jpg */ = {isa = PBXFileReference; lastKnownFileType = image.jpeg; path = 2.jpg; sourceTree = "<group>"; };
		014A07701C148EE000EEBD78 /* 1.jpg */ = {isa = PBXFileReference; lastKnownFileType = image.jpeg; path = 1.jpg; sourceTree = "<group>"; };
		014FEFA81C06018300C247C5 /* LoginController.h */ = {isa = PBXFileReference; fileEncoding = 4; lastKnownFileType = sourcecode.c.h; path = LoginController.h; sourceTree = "<group>"; };
		014FEFA91C06018300C247C5 /* LoginController.m */ = {isa = PBXFileReference; fileEncoding = 4; lastKnownFileType = sourcecode.c.objc; path = LoginController.m; sourceTree = "<group>"; };
		014FEFAB1C0602C000C247C5 /* 登录.PNG */ = {isa = PBXFileReference; lastKnownFileType = image.png; path = "登录.PNG"; sourceTree = "<group>"; };
		014FEFAE1C060B9C00C247C5 /* ARLabel.h */ = {isa = PBXFileReference; fileEncoding = 4; lastKnownFileType = sourcecode.c.h; path = ARLabel.h; sourceTree = "<group>"; };
		014FEFAF1C060B9C00C247C5 /* ARLabel.m */ = {isa = PBXFileReference; fileEncoding = 4; lastKnownFileType = sourcecode.c.objc; path = ARLabel.m; sourceTree = "<group>"; };
		015B58B61C213E83008EF7A1 /* GoodsSortCell.h */ = {isa = PBXFileReference; fileEncoding = 4; lastKnownFileType = sourcecode.c.h; path = GoodsSortCell.h; sourceTree = "<group>"; };
		015B58B71C213E83008EF7A1 /* GoodsSortCell.m */ = {isa = PBXFileReference; fileEncoding = 4; lastKnownFileType = sourcecode.c.objc; path = GoodsSortCell.m; sourceTree = "<group>"; };
		015B58B81C213E83008EF7A1 /* GoodsSortCell.xib */ = {isa = PBXFileReference; fileEncoding = 4; lastKnownFileType = file.xib; path = GoodsSortCell.xib; sourceTree = "<group>"; };
		015B58BB1C215D4E008EF7A1 /* IMG_0115.PNG */ = {isa = PBXFileReference; lastKnownFileType = image.png; path = IMG_0115.PNG; sourceTree = "<group>"; };
		015B58BC1C215D4E008EF7A1 /* IMG_0114.PNG */ = {isa = PBXFileReference; lastKnownFileType = image.png; path = IMG_0114.PNG; sourceTree = "<group>"; };
		015B58BF1C215EB9008EF7A1 /* ShareOrderCell.h */ = {isa = PBXFileReference; fileEncoding = 4; lastKnownFileType = sourcecode.c.h; path = ShareOrderCell.h; sourceTree = "<group>"; };
		015B58C01C215EB9008EF7A1 /* ShareOrderCell.m */ = {isa = PBXFileReference; fileEncoding = 4; lastKnownFileType = sourcecode.c.objc; path = ShareOrderCell.m; sourceTree = "<group>"; };
		015B58C11C215EB9008EF7A1 /* ShareOrderCell.xib */ = {isa = PBXFileReference; fileEncoding = 4; lastKnownFileType = file.xib; path = ShareOrderCell.xib; sourceTree = "<group>"; };
		015B58C41C216BCB008EF7A1 /* ShareOrderController.h */ = {isa = PBXFileReference; fileEncoding = 4; lastKnownFileType = sourcecode.c.h; path = ShareOrderController.h; sourceTree = "<group>"; };
		015B58C51C216BCB008EF7A1 /* ShareOrderController.m */ = {isa = PBXFileReference; fileEncoding = 4; lastKnownFileType = sourcecode.c.objc; path = ShareOrderController.m; sourceTree = "<group>"; };
		01652BBD1C19CFBD00310880 /* IMG_0076.PNG */ = {isa = PBXFileReference; lastKnownFileType = image.png; path = IMG_0076.PNG; sourceTree = "<group>"; };
		01652BBE1C19CFBD00310880 /* IMG_0077.PNG */ = {isa = PBXFileReference; lastKnownFileType = image.png; path = IMG_0077.PNG; sourceTree = "<group>"; };
		01652BC11C19E1B700310880 /* GoodsDetailController.h */ = {isa = PBXFileReference; fileEncoding = 4; lastKnownFileType = sourcecode.c.h; path = GoodsDetailController.h; sourceTree = "<group>"; };
		01652BC21C19E1B700310880 /* GoodsDetailController.m */ = {isa = PBXFileReference; fileEncoding = 4; lastKnownFileType = sourcecode.c.objc; path = GoodsDetailController.m; sourceTree = "<group>"; };
		01747DF91C1D54270051086C /* CloudNumberCell.h */ = {isa = PBXFileReference; fileEncoding = 4; lastKnownFileType = sourcecode.c.h; path = CloudNumberCell.h; sourceTree = "<group>"; };
		01747DFA1C1D54270051086C /* CloudNumberCell.m */ = {isa = PBXFileReference; fileEncoding = 4; lastKnownFileType = sourcecode.c.objc; path = CloudNumberCell.m; sourceTree = "<group>"; };
		01747DFB1C1D54270051086C /* CloudNumberCell.xib */ = {isa = PBXFileReference; fileEncoding = 4; lastKnownFileType = file.xib; path = CloudNumberCell.xib; sourceTree = "<group>"; };
		01747E041C1D5ADD0051086C /* DidAnnounceController.h */ = {isa = PBXFileReference; fileEncoding = 4; lastKnownFileType = sourcecode.c.h; path = DidAnnounceController.h; sourceTree = "<group>"; };
		01747E051C1D5ADD0051086C /* DidAnnounceController.m */ = {isa = PBXFileReference; fileEncoding = 4; lastKnownFileType = sourcecode.c.objc; path = DidAnnounceController.m; sourceTree = "<group>"; };
		01747E071C1D65E20051086C /* IMG_0093.PNG */ = {isa = PBXFileReference; lastKnownFileType = image.png; path = IMG_0093.PNG; sourceTree = "<group>"; };
		01747E081C1D65E20051086C /* IMG_0094.PNG */ = {isa = PBXFileReference; lastKnownFileType = image.png; path = IMG_0094.PNG; sourceTree = "<group>"; };
		01747E0B1C1D68660051086C /* CloudNumberController.h */ = {isa = PBXFileReference; fileEncoding = 4; lastKnownFileType = sourcecode.c.h; path = CloudNumberController.h; sourceTree = "<group>"; };
		01747E0C1C1D68660051086C /* CloudNumberController.m */ = {isa = PBXFileReference; fileEncoding = 4; lastKnownFileType = sourcecode.c.objc; path = CloudNumberController.m; sourceTree = "<group>"; };
		01747E0E1C1D6BA60051086C /* InAnnounceController.h */ = {isa = PBXFileReference; fileEncoding = 4; lastKnownFileType = sourcecode.c.h; path = InAnnounceController.h; sourceTree = "<group>"; };
		01747E0F1C1D6BA60051086C /* InAnnounceController.m */ = {isa = PBXFileReference; fileEncoding = 4; lastKnownFileType = sourcecode.c.objc; path = InAnnounceController.m; sourceTree = "<group>"; };
		01747E111C1D76CC0051086C /* ComputeDetailCell.h */ = {isa = PBXFileReference; fileEncoding = 4; lastKnownFileType = sourcecode.c.h; path = ComputeDetailCell.h; sourceTree = "<group>"; };
		01747E121C1D76CC0051086C /* ComputeDetailCell.m */ = {isa = PBXFileReference; fileEncoding = 4; lastKnownFileType = sourcecode.c.objc; path = ComputeDetailCell.m; sourceTree = "<group>"; };
		01747E131C1D76CC0051086C /* ComputeDetailCell.xib */ = {isa = PBXFileReference; fileEncoding = 4; lastKnownFileType = file.xib; path = ComputeDetailCell.xib; sourceTree = "<group>"; };
		01782B701C05EF850028768F /* PerTableController.h */ = {isa = PBXFileReference; fileEncoding = 4; lastKnownFileType = sourcecode.c.h; path = PerTableController.h; sourceTree = "<group>"; };
		01782B711C05EF850028768F /* PerTableController.m */ = {isa = PBXFileReference; fileEncoding = 4; lastKnownFileType = sourcecode.c.objc; path = PerTableController.m; sourceTree = "<group>"; };
		017F6BDF1C02BE050040385A /* Plug_Controller.h */ = {isa = PBXFileReference; fileEncoding = 4; lastKnownFileType = sourcecode.c.h; path = Plug_Controller.h; sourceTree = "<group>"; };
		017F6BE01C02BE050040385A /* Plug_Controller.m */ = {isa = PBXFileReference; fileEncoding = 4; lastKnownFileType = sourcecode.c.objc; path = Plug_Controller.m; sourceTree = "<group>"; };
		017F6BE21C02BE2D0040385A /* Main.storyboard */ = {isa = PBXFileReference; fileEncoding = 4; lastKnownFileType = file.storyboard; path = Main.storyboard; sourceTree = "<group>"; };
		018619E01C15DAE400EABF64 /* IMG_0048.PNG */ = {isa = PBXFileReference; lastKnownFileType = image.png; path = IMG_0048.PNG; sourceTree = "<group>"; };
		018619E21C15DC8200EABF64 /* AllGoodsCell.h */ = {isa = PBXFileReference; fileEncoding = 4; lastKnownFileType = sourcecode.c.h; path = AllGoodsCell.h; sourceTree = "<group>"; };
		018619E31C15DC8200EABF64 /* AllGoodsCell.m */ = {isa = PBXFileReference; fileEncoding = 4; lastKnownFileType = sourcecode.c.objc; path = AllGoodsCell.m; sourceTree = "<group>"; };
		018619E41C15DC8200EABF64 /* AllGoodsCell.xib */ = {isa = PBXFileReference; fileEncoding = 4; lastKnownFileType = file.xib; path = AllGoodsCell.xib; sourceTree = "<group>"; };
		018619E71C15DE5200EABF64 /* 20150427091614458.jpg */ = {isa = PBXFileReference; lastKnownFileType = image.jpeg; path = 20150427091614458.jpg; sourceTree = "<group>"; };
		0186281C1C21B54F003C9C21 /* IMG_0116.PNG */ = {isa = PBXFileReference; lastKnownFileType = image.png; path = IMG_0116.PNG; sourceTree = "<group>"; };
		0186281E1C21B75B003C9C21 /* ShareOrderDetailController.h */ = {isa = PBXFileReference; fileEncoding = 4; lastKnownFileType = sourcecode.c.h; path = ShareOrderDetailController.h; sourceTree = "<group>"; };
		0186281F1C21B75B003C9C21 /* ShareOrderDetailController.m */ = {isa = PBXFileReference; fileEncoding = 4; lastKnownFileType = sourcecode.c.objc; path = ShareOrderDetailController.m; sourceTree = "<group>"; };
		018A08AB1C1BECB1009C6BAD /* IMG_0087.PNG */ = {isa = PBXFileReference; lastKnownFileType = image.png; path = IMG_0087.PNG; sourceTree = "<group>"; };
		018A08AC1C1BECB1009C6BAD /* IMG_0088.PNG */ = {isa = PBXFileReference; lastKnownFileType = image.png; path = IMG_0088.PNG; sourceTree = "<group>"; };
		018A08AF1C1BFE34009C6BAD /* IMG_0089.PNG */ = {isa = PBXFileReference; lastKnownFileType = image.png; path = IMG_0089.PNG; sourceTree = "<group>"; };
		019E09681C17342A0022593A /* AnnNavController.h */ = {isa = PBXFileReference; fileEncoding = 4; lastKnownFileType = sourcecode.c.h; path = AnnNavController.h; sourceTree = "<group>"; };
		019E09691C17342A0022593A /* AnnNavController.m */ = {isa = PBXFileReference; fileEncoding = 4; lastKnownFileType = sourcecode.c.objc; path = AnnNavController.m; sourceTree = "<group>"; };
		019E096B1C17343A0022593A /* IMG_0064.PNG */ = {isa = PBXFileReference; lastKnownFileType = image.png; path = IMG_0064.PNG; sourceTree = "<group>"; };
		019E096C1C17343A0022593A /* IMG_0065.PNG */ = {isa = PBXFileReference; lastKnownFileType = image.png; path = IMG_0065.PNG; sourceTree = "<group>"; };
		019E096F1C173C730022593A /* NewGoodsCell.h */ = {isa = PBXFileReference; fileEncoding = 4; lastKnownFileType = sourcecode.c.h; path = NewGoodsCell.h; sourceTree = "<group>"; };
		019E09701C173C730022593A /* NewGoodsCell.m */ = {isa = PBXFileReference; fileEncoding = 4; lastKnownFileType = sourcecode.c.objc; path = NewGoodsCell.m; sourceTree = "<group>"; };
		019E09711C173C730022593A /* NewGoodsCell.xib */ = {isa = PBXFileReference; fileEncoding = 4; lastKnownFileType = file.xib; path = NewGoodsCell.xib; sourceTree = "<group>"; };
		019E09741C1741C70022593A /* IMG_0066.JPG */ = {isa = PBXFileReference; lastKnownFileType = image.jpeg; path = IMG_0066.JPG; sourceTree = "<group>"; };
		01B7AC701C23E62700D09565 /* HistoryTableViewCell.h */ = {isa = PBXFileReference; fileEncoding = 4; lastKnownFileType = sourcecode.c.h; path = HistoryTableViewCell.h; sourceTree = "<group>"; };
		01B7AC711C23E62700D09565 /* HistoryTableViewCell.m */ = {isa = PBXFileReference; fileEncoding = 4; lastKnownFileType = sourcecode.c.objc; path = HistoryTableViewCell.m; sourceTree = "<group>"; };
		01B7AC721C23E62700D09565 /* HistoryTableViewCell.xib */ = {isa = PBXFileReference; fileEncoding = 4; lastKnownFileType = file.xib; path = HistoryTableViewCell.xib; sourceTree = "<group>"; };
		01B7AC731C23E62700D09565 /* HWSearchBar.h */ = {isa = PBXFileReference; fileEncoding = 4; lastKnownFileType = sourcecode.c.h; path = HWSearchBar.h; sourceTree = "<group>"; };
		01B7AC741C23E62700D09565 /* HWSearchBar.m */ = {isa = PBXFileReference; fileEncoding = 4; lastKnownFileType = sourcecode.c.objc; path = HWSearchBar.m; sourceTree = "<group>"; };
		01B7AC751C23E62700D09565 /* UIView+Extension.h */ = {isa = PBXFileReference; fileEncoding = 4; lastKnownFileType = sourcecode.c.h; path = "UIView+Extension.h"; sourceTree = "<group>"; };
		01B7AC761C23E62700D09565 /* UIView+Extension.m */ = {isa = PBXFileReference; fileEncoding = 4; lastKnownFileType = sourcecode.c.objc; path = "UIView+Extension.m"; sourceTree = "<group>"; };
		01B7AC7C1C23F01300D09565 /* DB.h */ = {isa = PBXFileReference; fileEncoding = 4; lastKnownFileType = sourcecode.c.h; path = DB.h; sourceTree = "<group>"; };
		01B7AC7D1C23F01300D09565 /* DB.m */ = {isa = PBXFileReference; fileEncoding = 4; lastKnownFileType = sourcecode.c.objc; path = DB.m; sourceTree = "<group>"; };
		01B7AC7E1C23F01300D09565 /* HistoryClass.h */ = {isa = PBXFileReference; fileEncoding = 4; lastKnownFileType = sourcecode.c.h; path = HistoryClass.h; sourceTree = "<group>"; };
		01B7AC7F1C23F01300D09565 /* HistoryClass.m */ = {isa = PBXFileReference; fileEncoding = 4; lastKnownFileType = sourcecode.c.objc; path = HistoryClass.m; sourceTree = "<group>"; };
		01B7AC801C23F01300D09565 /* HITORY.sqlite */ = {isa = PBXFileReference; lastKnownFileType = file; path = HITORY.sqlite; sourceTree = "<group>"; };
		01B7AC841C23F5EA00D09565 /* libsqlite3.0.tbd */ = {isa = PBXFileReference; lastKnownFileType = "sourcecode.text-based-dylib-definition"; name = libsqlite3.0.tbd; path = usr/lib/libsqlite3.0.tbd; sourceTree = SDKROOT; };
		01CB8CD81C11A6AB00DB67C0 /* IndexController.h */ = {isa = PBXFileReference; fileEncoding = 4; lastKnownFileType = sourcecode.c.h; path = IndexController.h; sourceTree = "<group>"; };
		01CB8CD91C11A6AB00DB67C0 /* IndexController.m */ = {isa = PBXFileReference; fileEncoding = 4; lastKnownFileType = sourcecode.c.objc; path = IndexController.m; sourceTree = "<group>"; };
		01D3419A1C029C9C000A32A1 /* CrowdfundingShop.app */ = {isa = PBXFileReference; explicitFileType = wrapper.application; includeInIndex = 0; path = CrowdfundingShop.app; sourceTree = BUILT_PRODUCTS_DIR; };
		01D3419E1C029C9C000A32A1 /* main.m */ = {isa = PBXFileReference; lastKnownFileType = sourcecode.c.objc; path = main.m; sourceTree = "<group>"; };
		01D341A01C029C9C000A32A1 /* AppDelegate.h */ = {isa = PBXFileReference; lastKnownFileType = sourcecode.c.h; path = AppDelegate.h; sourceTree = "<group>"; };
		01D341A11C029C9C000A32A1 /* AppDelegate.m */ = {isa = PBXFileReference; lastKnownFileType = sourcecode.c.objc; path = AppDelegate.m; sourceTree = "<group>"; };
		01D341A91C029C9C000A32A1 /* Assets.xcassets */ = {isa = PBXFileReference; lastKnownFileType = folder.assetcatalog; path = Assets.xcassets; sourceTree = "<group>"; };
		01D341AE1C029C9C000A32A1 /* Info.plist */ = {isa = PBXFileReference; lastKnownFileType = text.plist.xml; path = Info.plist; sourceTree = "<group>"; };
		01D3B72C1C1FDC8600C86772 /* IMG_0108.PNG */ = {isa = PBXFileReference; lastKnownFileType = image.png; path = IMG_0108.PNG; sourceTree = "<group>"; };
		01D3B72E1C1FDE0E00C86772 /* GoodsCategoryCell.h */ = {isa = PBXFileReference; fileEncoding = 4; lastKnownFileType = sourcecode.c.h; path = GoodsCategoryCell.h; sourceTree = "<group>"; };
		01D3B72F1C1FDE0E00C86772 /* GoodsCategoryCell.m */ = {isa = PBXFileReference; fileEncoding = 4; lastKnownFileType = sourcecode.c.objc; path = GoodsCategoryCell.m; sourceTree = "<group>"; };
		01D3B7301C1FDE0E00C86772 /* GoodsCategoryCell.xib */ = {isa = PBXFileReference; fileEncoding = 4; lastKnownFileType = file.xib; path = GoodsCategoryCell.xib; sourceTree = "<group>"; };
		01E96BA71C1DC5C3006ED4CD /* ComputeDetailController.h */ = {isa = PBXFileReference; fileEncoding = 4; lastKnownFileType = sourcecode.c.h; path = ComputeDetailController.h; sourceTree = "<group>"; };
		01E96BA81C1DC5C3006ED4CD /* ComputeDetailController.m */ = {isa = PBXFileReference; fileEncoding = 4; lastKnownFileType = sourcecode.c.objc; path = ComputeDetailController.m; sourceTree = "<group>"; };
		01F712871C1A617200D859A7 /* UITabBarController+ShowHideBar.h */ = {isa = PBXFileReference; fileEncoding = 4; lastKnownFileType = sourcecode.c.h; path = "UITabBarController+ShowHideBar.h"; sourceTree = "<group>"; };
		01F712881C1A617200D859A7 /* UITabBarController+ShowHideBar.m */ = {isa = PBXFileReference; fileEncoding = 4; lastKnownFileType = sourcecode.c.objc; path = "UITabBarController+ShowHideBar.m"; sourceTree = "<group>"; };
		01F876951C224F7B00FF0801 /* IMG_0117.PNG */ = {isa = PBXFileReference; lastKnownFileType = image.png; path = IMG_0117.PNG; sourceTree = "<group>"; };
		01F876971C22515500FF0801 /* IMG_0118.PNG */ = {isa = PBXFileReference; lastKnownFileType = image.png; path = IMG_0118.PNG; sourceTree = "<group>"; };
		01F876991C226A3E00FF0801 /* SearchWordCell.h */ = {isa = PBXFileReference; fileEncoding = 4; lastKnownFileType = sourcecode.c.h; path = SearchWordCell.h; sourceTree = "<group>"; };
		01F8769A1C226A3E00FF0801 /* SearchWordCell.m */ = {isa = PBXFileReference; fileEncoding = 4; lastKnownFileType = sourcecode.c.objc; path = SearchWordCell.m; sourceTree = "<group>"; };
		01F8769B1C226A3E00FF0801 /* SearchWordCell.xib */ = {isa = PBXFileReference; fileEncoding = 4; lastKnownFileType = file.xib; path = SearchWordCell.xib; sourceTree = "<group>"; };
		01F8769E1C22857000FF0801 /* SearchWordController.h */ = {isa = PBXFileReference; fileEncoding = 4; lastKnownFileType = sourcecode.c.h; path = SearchWordController.h; sourceTree = "<group>"; };
		01F8769F1C22857000FF0801 /* SearchWordController.m */ = {isa = PBXFileReference; fileEncoding = 4; lastKnownFileType = sourcecode.c.objc; path = SearchWordController.m; sourceTree = "<group>"; };
		01F876A11C22937300FF0801 /* 12345.png */ = {isa = PBXFileReference; lastKnownFileType = image.png; path = 12345.png; sourceTree = "<group>"; };
		9B652E5F27C3DB6697758CCD /* Pods.debug.xcconfig */ = {isa = PBXFileReference; includeInIndex = 1; lastKnownFileType = text.xcconfig; name = Pods.debug.xcconfig; path = "Pods/Target Support Files/Pods/Pods.debug.xcconfig"; sourceTree = "<group>"; };
		D5EDE4F39F0C4F8145C3E8A5 /* libPods.a */ = {isa = PBXFileReference; explicitFileType = archive.ar; includeInIndex = 0; path = libPods.a; sourceTree = BUILT_PRODUCTS_DIR; };
		EBE22145F38242CB9F8264B9 /* Pods.release.xcconfig */ = {isa = PBXFileReference; includeInIndex = 1; lastKnownFileType = text.xcconfig; name = Pods.release.xcconfig; path = "Pods/Target Support Files/Pods/Pods.release.xcconfig"; sourceTree = "<group>"; };
/* End PBXFileReference section */

/* Begin PBXFrameworksBuildPhase section */
		01D341971C029C9C000A32A1 /* Frameworks */ = {
			isa = PBXFrameworksBuildPhase;
			buildActionMask = 2147483647;
			files = (
				01B7AC851C23F5EA00D09565 /* libsqlite3.0.tbd in Frameworks */,
				09E54489D16DFEBC046E3C51 /* libPods.a in Frameworks */,
			);
			runOnlyForDeploymentPostprocessing = 0;
		};
/* End PBXFrameworksBuildPhase section */

/* Begin PBXGroup section */
		0111B9C51C0352A200DDC2EA /* Home(首页) */ = {
			isa = PBXGroup;
			children = (
				01B7AC6F1C23E5CE00D09565 /* SearchViewModel */,
				0111BA061C03568200DDC2EA /* Controller(控制) */,
				0111BA031C03566100DDC2EA /* View(视图) */,
			);
			name = "Home(首页)";
			path = Home;
			sourceTree = "<group>";
		};
		0111B9CA1C0352FA00DDC2EA /* Announce(最新揭晓) */ = {
			isa = PBXGroup;
			children = (
				0111B9F61C03552300DDC2EA /* Controller(控制) */,
				0111B9FA1C03557B00DDC2EA /* View(视图) */,
			);
			name = "Announce(最新揭晓)";
			path = Announce;
			sourceTree = "<group>";
		};
		0111B9D11C03534800DDC2EA /* AllGoods(所有商品) */ = {
			isa = PBXGroup;
			children = (
				0111B9F11C0354F200DDC2EA /* Controller(控制) */,
				0111B9EE1C0354C200DDC2EA /* View(视图) */,
			);
			name = "AllGoods(所有商品)";
			path = AllGoods;
			sourceTree = "<group>";
		};
		0111B9D51C03537C00DDC2EA /* ShopCart(购物车) */ = {
			isa = PBXGroup;
			children = (
				0111B9E91C03548D00DDC2EA /* Controller(控制) */,
				0111B9E41C03544A00DDC2EA /* View(视图) */,
			);
			name = "ShopCart(购物车)";
			path = ShopCart;
			sourceTree = "<group>";
		};
		0111B9D91C0353BC00DDC2EA /* Personal(个人中心) */ = {
			isa = PBXGroup;
			children = (
				0111B9E01C03541900DDC2EA /* Controller(控制) */,
				0111B9DD1C0353E200DDC2EA /* View(视图) */,
			);
			name = "Personal(个人中心)";
			path = Personal;
			sourceTree = "<group>";
		};
		0111B9DD1C0353E200DDC2EA /* View(视图) */ = {
			isa = PBXGroup;
			children = (
				0111B9DE1C03540D00DDC2EA /* PersonalView.xib */,
			);
			name = "View(视图)";
			path = View;
			sourceTree = "<group>";
		};
		0111B9E01C03541900DDC2EA /* Controller(控制) */ = {
			isa = PBXGroup;
			children = (
				014FEFA71C06015B00C247C5 /* Login(登录注册) */,
				0111B9E11C03543F00DDC2EA /* PersonalController.h */,
				0111B9E21C03543F00DDC2EA /* PersonalController.m */,
				0111BA181C0370D600DDC2EA /* PerNavController.h */,
				0111BA191C0370D600DDC2EA /* PerNavController.m */,
				01782B701C05EF850028768F /* PerTableController.h */,
				01782B711C05EF850028768F /* PerTableController.m */,
				012626451C1AC39600509985 /* MyCloudRecordController.h */,
				012626461C1AC39600509985 /* MyCloudRecordController.m */,
			);
			name = "Controller(控制)";
			path = Controller;
			sourceTree = "<group>";
		};
		0111B9E41C03544A00DDC2EA /* View(视图) */ = {
			isa = PBXGroup;
			children = (
				0111B9E71C03548300DDC2EA /* ShopCartView.xib */,
			);
			name = "View(视图)";
			path = View;
			sourceTree = "<group>";
		};
		0111B9E91C03548D00DDC2EA /* Controller(控制) */ = {
			isa = PBXGroup;
			children = (
				0111BA151C0370AD00DDC2EA /* ShopNavController.h */,
				0111BA161C0370AD00DDC2EA /* ShopNavController.m */,
				0111B9EB1C0354B100DDC2EA /* ShopCartController.h */,
				0111B9EC1C0354B100DDC2EA /* ShopCartController.m */,
			);
			name = "Controller(控制)";
			path = Controller;
			sourceTree = "<group>";
		};
		0111B9EE1C0354C200DDC2EA /* View(视图) */ = {
			isa = PBXGroup;
			children = (
				018619E71C15DE5200EABF64 /* 20150427091614458.jpg */,
				018619E21C15DC8200EABF64 /* AllGoodsCell.h */,
				018619E31C15DC8200EABF64 /* AllGoodsCell.m */,
				018619E41C15DC8200EABF64 /* AllGoodsCell.xib */,
				0126263D1C1ABA7400509985 /* CloudRecordCell.h */,
				0126263E1C1ABA7400509985 /* CloudRecordCell.m */,
				0126263F1C1ABA7400509985 /* CloudRecordCell.xib */,
				01747DF91C1D54270051086C /* CloudNumberCell.h */,
				01747DFA1C1D54270051086C /* CloudNumberCell.m */,
				01747DFB1C1D54270051086C /* CloudNumberCell.xib */,
				01747E111C1D76CC0051086C /* ComputeDetailCell.h */,
				01747E121C1D76CC0051086C /* ComputeDetailCell.m */,
				01747E131C1D76CC0051086C /* ComputeDetailCell.xib */,
				011E374B1C1E5F960032FB13 /* SelectCloudNumCell.h */,
				011E374C1C1E5F960032FB13 /* SelectCloudNumCell.m */,
				011E374D1C1E5F960032FB13 /* SelectCloudNumCell.xib */,
				015B58B61C213E83008EF7A1 /* GoodsSortCell.h */,
				015B58B71C213E83008EF7A1 /* GoodsSortCell.m */,
				015B58B81C213E83008EF7A1 /* GoodsSortCell.xib */,
			);
			name = "View(视图)";
			path = View;
			sourceTree = "<group>";
		};
		0111B9F11C0354F200DDC2EA /* Controller(控制) */ = {
			isa = PBXGroup;
			children = (
				011E37491C1E5DA30032FB13 /* IMG_0098.PNG */,
				01747E071C1D65E20051086C /* IMG_0093.PNG */,
				01747E081C1D65E20051086C /* IMG_0094.PNG */,
				018A08AF1C1BFE34009C6BAD /* IMG_0089.PNG */,
				018A08AB1C1BECB1009C6BAD /* IMG_0087.PNG */,
				018A08AC1C1BECB1009C6BAD /* IMG_0088.PNG */,
				012626391C1AB98E00509985 /* IMG_0079.PNG */,
				0126263A1C1AB98E00509985 /* IMG_0080.PNG */,
				01652BBD1C19CFBD00310880 /* IMG_0076.PNG */,
				01652BBE1C19CFBD00310880 /* IMG_0077.PNG */,
				018619E01C15DAE400EABF64 /* IMG_0048.PNG */,
				0111B9F31C03550F00DDC2EA /* AllGoodsController.h */,
				0111B9F41C03550F00DDC2EA /* AllGoodsController.m */,
				0111BA121C03709700DDC2EA /* GoodsNavController.h */,
				0111BA131C03709700DDC2EA /* GoodsNavController.m */,
				01652BC11C19E1B700310880 /* GoodsDetailController.h */,
				01652BC21C19E1B700310880 /* GoodsDetailController.m */,
				01F712871C1A617200D859A7 /* UITabBarController+ShowHideBar.h */,
				01F712881C1A617200D859A7 /* UITabBarController+ShowHideBar.m */,
				012626421C1AC2AF00509985 /* CloudRecordController.h */,
				012626431C1AC2AF00509985 /* CloudRecordController.m */,
				012626481C1ACE9900509985 /* DetailController.h */,
				012626491C1ACE9900509985 /* DetailController.m */,
				01747E041C1D5ADD0051086C /* DidAnnounceController.h */,
				01747E051C1D5ADD0051086C /* DidAnnounceController.m */,
				01747E0B1C1D68660051086C /* CloudNumberController.h */,
				01747E0C1C1D68660051086C /* CloudNumberController.m */,
				01747E0E1C1D6BA60051086C /* InAnnounceController.h */,
				01747E0F1C1D6BA60051086C /* InAnnounceController.m */,
				01E96BA71C1DC5C3006ED4CD /* ComputeDetailController.h */,
				01E96BA81C1DC5C3006ED4CD /* ComputeDetailController.m */,
				011E37501C1E64830032FB13 /* SelectCloudNumController.h */,
				011E37511C1E64830032FB13 /* SelectCloudNumController.m */,
			);
			name = "Controller(控制)";
			path = Controller;
			sourceTree = "<group>";
		};
		0111B9F61C03552300DDC2EA /* Controller(控制) */ = {
			isa = PBXGroup;
			children = (
				01D3B72C1C1FDC8600C86772 /* IMG_0108.PNG */,
				019E09741C1741C70022593A /* IMG_0066.JPG */,
				019E096B1C17343A0022593A /* IMG_0064.PNG */,
				019E096C1C17343A0022593A /* IMG_0065.PNG */,
				019E09681C17342A0022593A /* AnnNavController.h */,
				019E09691C17342A0022593A /* AnnNavController.m */,
				0111BA001C03564500DDC2EA /* AnnounceController.h */,
				0111BA011C03564500DDC2EA /* AnnounceController.m */,
			);
			name = "Controller(控制)";
			path = Controller;
			sourceTree = "<group>";
		};
		0111B9FA1C03557B00DDC2EA /* View(视图) */ = {
			isa = PBXGroup;
			children = (
				019E096F1C173C730022593A /* NewGoodsCell.h */,
				019E09701C173C730022593A /* NewGoodsCell.m */,
				019E09711C173C730022593A /* NewGoodsCell.xib */,
				01D3B72E1C1FDE0E00C86772 /* GoodsCategoryCell.h */,
				01D3B72F1C1FDE0E00C86772 /* GoodsCategoryCell.m */,
				01D3B7301C1FDE0E00C86772 /* GoodsCategoryCell.xib */,
			);
			name = "View(视图)";
			path = View;
			sourceTree = "<group>";
		};
		0111BA031C03566100DDC2EA /* View(视图) */ = {
			isa = PBXGroup;
			children = (
				0110AA591C0D8D03009A8660 /* PopularGoodsCell.h */,
				0110AA5A1C0D8D03009A8660 /* PopularGoodsCell.m */,
				0110AA5B1C0D8D03009A8660 /* PopularGoodsCell.xib */,
				015B58BF1C215EB9008EF7A1 /* ShareOrderCell.h */,
				015B58C01C215EB9008EF7A1 /* ShareOrderCell.m */,
				015B58C11C215EB9008EF7A1 /* ShareOrderCell.xib */,
				01F876991C226A3E00FF0801 /* SearchWordCell.h */,
				01F8769A1C226A3E00FF0801 /* SearchWordCell.m */,
				01F8769B1C226A3E00FF0801 /* SearchWordCell.xib */,
			);
			name = "View(视图)";
			path = View;
			sourceTree = "<group>";
		};
		0111BA061C03568200DDC2EA /* Controller(控制) */ = {
			isa = PBXGroup;
			children = (
				01F876A11C22937300FF0801 /* 12345.png */,
				0186281C1C21B54F003C9C21 /* IMG_0116.PNG */,
				015B58BB1C215D4E008EF7A1 /* IMG_0115.PNG */,
				015B58BC1C215D4E008EF7A1 /* IMG_0114.PNG */,
				014A076E1C148EE000EEBD78 /* 3.jpg */,
				014A076F1C148EE000EEBD78 /* 2.jpg */,
				014A07701C148EE000EEBD78 /* 1.jpg */,
				0111BA1E1C0371B000DDC2EA /* HomeNavController.h */,
				0111BA1F1C0371B000DDC2EA /* HomeNavController.m */,
				01CB8CD81C11A6AB00DB67C0 /* IndexController.h */,
				01CB8CD91C11A6AB00DB67C0 /* IndexController.m */,
				015B58C41C216BCB008EF7A1 /* ShareOrderController.h */,
				015B58C51C216BCB008EF7A1 /* ShareOrderController.m */,
				0186281E1C21B75B003C9C21 /* ShareOrderDetailController.h */,
				0186281F1C21B75B003C9C21 /* ShareOrderDetailController.m */,
				01F8769E1C22857000FF0801 /* SearchWordController.h */,
				01F8769F1C22857000FF0801 /* SearchWordController.m */,
			);
			name = "Controller(控制)";
			path = Controller;
			sourceTree = "<group>";
		};
		014FEFA71C06015B00C247C5 /* Login(登录注册) */ = {
			isa = PBXGroup;
			children = (
				014FEFAB1C0602C000C247C5 /* 登录.PNG */,
				014FEFA81C06018300C247C5 /* LoginController.h */,
				014FEFA91C06018300C247C5 /* LoginController.m */,
			);
			name = "Login(登录注册)";
			path = Login;
			sourceTree = "<group>";
		};
		014FEFAD1C060B9C00C247C5 /* ARLabel */ = {
			isa = PBXGroup;
			children = (
				014FEFAE1C060B9C00C247C5 /* ARLabel.h */,
				014FEFAF1C060B9C00C247C5 /* ARLabel.m */,
			);
			path = ARLabel;
			sourceTree = "<group>";
		};
		017F6BD81C02BC200040385A /* Classes */ = {
			isa = PBXGroup;
			children = (
				017F6BDB1C02BD410040385A /* Main(主要) */,
				017F6BDA1C02BCCA0040385A /* Plug-in(插件) */,
				017F6BD91C02BC820040385A /* View(视图) */,
			);
			path = Classes;
			sourceTree = "<group>";
		};
		017F6BD91C02BC820040385A /* View(视图) */ = {
			isa = PBXGroup;
			children = (
				01F876951C224F7B00FF0801 /* IMG_0117.PNG */,
				01F876971C22515500FF0801 /* IMG_0118.PNG */,
				017F6BE21C02BE2D0040385A /* Main.storyboard */,
				0111BA211C0372D700DDC2EA /* MainTabBarController.h */,
				0111BA221C0372D700DDC2EA /* MainTabBarController.m */,
			);
			name = "View(视图)";
			path = View;
			sourceTree = "<group>";
		};
		017F6BDA1C02BCCA0040385A /* Plug-in(插件) */ = {
			isa = PBXGroup;
			children = (
				014FEFAD1C060B9C00C247C5 /* ARLabel */,
				017F6BDF1C02BE050040385A /* Plug_Controller.h */,
				017F6BE01C02BE050040385A /* Plug_Controller.m */,
			);
			name = "Plug-in(插件)";
			path = "Plug-in";
			sourceTree = "<group>";
		};
		017F6BDB1C02BD410040385A /* Main(主要) */ = {
			isa = PBXGroup;
			children = (
				01B7AC7B1C23EFE200D09565 /* DataBase */,
				0111B9D91C0353BC00DDC2EA /* Personal(个人中心) */,
				0111B9D51C03537C00DDC2EA /* ShopCart(购物车) */,
				0111B9D11C03534800DDC2EA /* AllGoods(所有商品) */,
				0111B9CA1C0352FA00DDC2EA /* Announce(最新揭晓) */,
				0111B9C51C0352A200DDC2EA /* Home(首页) */,
			);
			name = "Main(主要)";
			path = Main;
			sourceTree = "<group>";
		};
		01B7AC6F1C23E5CE00D09565 /* SearchViewModel */ = {
			isa = PBXGroup;
			children = (
				01B7AC701C23E62700D09565 /* HistoryTableViewCell.h */,
				01B7AC711C23E62700D09565 /* HistoryTableViewCell.m */,
				01B7AC721C23E62700D09565 /* HistoryTableViewCell.xib */,
				01B7AC731C23E62700D09565 /* HWSearchBar.h */,
				01B7AC741C23E62700D09565 /* HWSearchBar.m */,
				01B7AC751C23E62700D09565 /* UIView+Extension.h */,
				01B7AC761C23E62700D09565 /* UIView+Extension.m */,
			);
			path = SearchViewModel;
			sourceTree = "<group>";
		};
		01B7AC7B1C23EFE200D09565 /* DataBase */ = {
			isa = PBXGroup;
			children = (
				01B7AC7C1C23F01300D09565 /* DB.h */,
				01B7AC7D1C23F01300D09565 /* DB.m */,
				01B7AC7E1C23F01300D09565 /* HistoryClass.h */,
				01B7AC7F1C23F01300D09565 /* HistoryClass.m */,
				01B7AC801C23F01300D09565 /* HITORY.sqlite */,
			);
			path = DataBase;
			sourceTree = "<group>";
		};
		01D341911C029C9C000A32A1 = {
			isa = PBXGroup;
			children = (
				01D3419C1C029C9C000A32A1 /* CrowdfundingShop */,
				01D3419B1C029C9C000A32A1 /* Products */,
				B2F0931D180D019C620FF29A /* Pods */,
				7D2111B123D9A253A3763C4E /* Frameworks */,
			);
			sourceTree = "<group>";
		};
		01D3419B1C029C9C000A32A1 /* Products */ = {
			isa = PBXGroup;
			children = (
				01D3419A1C029C9C000A32A1 /* CrowdfundingShop.app */,
			);
			name = Products;
			sourceTree = "<group>";
		};
		01D3419C1C029C9C000A32A1 /* CrowdfundingShop */ = {
			isa = PBXGroup;
			children = (
				017F6BD81C02BC200040385A /* Classes */,
				01D341A01C029C9C000A32A1 /* AppDelegate.h */,
				01D341A11C029C9C000A32A1 /* AppDelegate.m */,
				01D341A91C029C9C000A32A1 /* Assets.xcassets */,
				01D341AE1C029C9C000A32A1 /* Info.plist */,
				01D3419D1C029C9C000A32A1 /* Supporting Files */,
			);
			path = CrowdfundingShop;
			sourceTree = "<group>";
		};
		01D3419D1C029C9C000A32A1 /* Supporting Files */ = {
			isa = PBXGroup;
			children = (
				01D3419E1C029C9C000A32A1 /* main.m */,
			);
			name = "Supporting Files";
			sourceTree = "<group>";
		};
		7D2111B123D9A253A3763C4E /* Frameworks */ = {
			isa = PBXGroup;
			children = (
				01B7AC841C23F5EA00D09565 /* libsqlite3.0.tbd */,
				D5EDE4F39F0C4F8145C3E8A5 /* libPods.a */,
			);
			name = Frameworks;
			sourceTree = "<group>";
		};
		B2F0931D180D019C620FF29A /* Pods */ = {
			isa = PBXGroup;
			children = (
				9B652E5F27C3DB6697758CCD /* Pods.debug.xcconfig */,
				EBE22145F38242CB9F8264B9 /* Pods.release.xcconfig */,
			);
			name = Pods;
			sourceTree = "<group>";
		};
/* End PBXGroup section */

/* Begin PBXNativeTarget section */
		01D341991C029C9C000A32A1 /* CrowdfundingShop */ = {
			isa = PBXNativeTarget;
			buildConfigurationList = 01D341B11C029C9C000A32A1 /* Build configuration list for PBXNativeTarget "CrowdfundingShop" */;
			buildPhases = (
				7ACDE237E7AEBE2263EF766A /* Check Pods Manifest.lock */,
				01D341961C029C9C000A32A1 /* Sources */,
				01D341971C029C9C000A32A1 /* Frameworks */,
				01D341981C029C9C000A32A1 /* Resources */,
				C657FB31EBA2DC28E34EADE0 /* Embed Pods Frameworks */,
				5346088C4424E71A70F0BB7F /* Copy Pods Resources */,
			);
			buildRules = (
			);
			dependencies = (
			);
			name = CrowdfundingShop;
			productName = CrowdfundingShop;
			productReference = 01D3419A1C029C9C000A32A1 /* CrowdfundingShop.app */;
			productType = "com.apple.product-type.application";
		};
/* End PBXNativeTarget section */

/* Begin PBXProject section */
		01D341921C029C9C000A32A1 /* Project object */ = {
			isa = PBXProject;
			attributes = {
				LastUpgradeCheck = 0710;
				ORGANIZATIONNAME = "吴金林";
				TargetAttributes = {
					01D341991C029C9C000A32A1 = {
						CreatedOnToolsVersion = 7.1.1;
					};
				};
			};
			buildConfigurationList = 01D341951C029C9C000A32A1 /* Build configuration list for PBXProject "CrowdfundingShop" */;
			compatibilityVersion = "Xcode 3.2";
			developmentRegion = English;
			hasScannedForEncodings = 0;
			knownRegions = (
				en,
				Base,
			);
			mainGroup = 01D341911C029C9C000A32A1;
			productRefGroup = 01D3419B1C029C9C000A32A1 /* Products */;
			projectDirPath = "";
			projectRoot = "";
			targets = (
				01D341991C029C9C000A32A1 /* CrowdfundingShop */,
			);
		};
/* End PBXProject section */

/* Begin PBXResourcesBuildPhase section */
		01D341981C029C9C000A32A1 /* Resources */ = {
			isa = PBXResourcesBuildPhase;
			buildActionMask = 2147483647;
			files = (
				01D3B7321C1FDE0E00C86772 /* GoodsCategoryCell.xib in Resources */,
				014A07721C148EE000EEBD78 /* 2.jpg in Resources */,
				015B58C31C215EB9008EF7A1 /* ShareOrderCell.xib in Resources */,
				0186281D1C21B54F003C9C21 /* IMG_0116.PNG in Resources */,
				01747DFD1C1D54270051086C /* CloudNumberCell.xib in Resources */,
				019E09731C173C730022593A /* NewGoodsCell.xib in Resources */,
				01D3B72D1C1FDC8600C86772 /* IMG_0108.PNG in Resources */,
				01747E0A1C1D65E20051086C /* IMG_0094.PNG in Resources */,
				0126263B1C1AB98E00509985 /* IMG_0079.PNG in Resources */,
				015B58BA1C213E83008EF7A1 /* GoodsSortCell.xib in Resources */,
				015B58BE1C215D4E008EF7A1 /* IMG_0114.PNG in Resources */,
				014FEFAC1C0602C000C247C5 /* 登录.PNG in Resources */,
				0111B9E81C03548300DDC2EA /* ShopCartView.xib in Resources */,
				01F8769D1C226A3E00FF0801 /* SearchWordCell.xib in Resources */,
				0110AA5D1C0D8D03009A8660 /* PopularGoodsCell.xib in Resources */,
				018619E61C15DC8200EABF64 /* AllGoodsCell.xib in Resources */,
				018A08B01C1BFE34009C6BAD /* IMG_0089.PNG in Resources */,
				01747E091C1D65E20051086C /* IMG_0093.PNG in Resources */,
				019E096E1C17343A0022593A /* IMG_0065.PNG in Resources */,
				018619E11C15DAE400EABF64 /* IMG_0048.PNG in Resources */,
				019E09751C1741C70022593A /* IMG_0066.JPG in Resources */,
				01652BBF1C19CFBD00310880 /* IMG_0076.PNG in Resources */,
				01747E151C1D76CC0051086C /* ComputeDetailCell.xib in Resources */,
				018A08AD1C1BECB1009C6BAD /* IMG_0087.PNG in Resources */,
				01D341AA1C029C9C000A32A1 /* Assets.xcassets in Resources */,
				017F6BE31C02BE2D0040385A /* Main.storyboard in Resources */,
				012626411C1ABA7400509985 /* CloudRecordCell.xib in Resources */,
				0111B9DF1C03540D00DDC2EA /* PersonalView.xib in Resources */,
				014A07711C148EE000EEBD78 /* 3.jpg in Resources */,
				01652BC01C19CFBD00310880 /* IMG_0077.PNG in Resources */,
				01F876A21C22937300FF0801 /* 12345.png in Resources */,
				015B58BD1C215D4E008EF7A1 /* IMG_0115.PNG in Resources */,
				01B7AC831C23F01300D09565 /* HITORY.sqlite in Resources */,
				018A08AE1C1BECB1009C6BAD /* IMG_0088.PNG in Resources */,
				014A07731C148EE000EEBD78 /* 1.jpg in Resources */,
				011E374F1C1E5F960032FB13 /* SelectCloudNumCell.xib in Resources */,
				019E096D1C17343A0022593A /* IMG_0064.PNG in Resources */,
				01F876961C224F7B00FF0801 /* IMG_0117.PNG in Resources */,
				0126263C1C1AB98E00509985 /* IMG_0080.PNG in Resources */,
				011E374A1C1E5DA30032FB13 /* IMG_0098.PNG in Resources */,
				01F876981C22515500FF0801 /* IMG_0118.PNG in Resources */,
				01B7AC781C23E62700D09565 /* HistoryTableViewCell.xib in Resources */,
				018619E81C15DE5200EABF64 /* 20150427091614458.jpg in Resources */,
			);
			runOnlyForDeploymentPostprocessing = 0;
		};
/* End PBXResourcesBuildPhase section */

/* Begin PBXShellScriptBuildPhase section */
		5346088C4424E71A70F0BB7F /* Copy Pods Resources */ = {
			isa = PBXShellScriptBuildPhase;
			buildActionMask = 2147483647;
			files = (
			);
			inputPaths = (
			);
			name = "Copy Pods Resources";
			outputPaths = (
			);
			runOnlyForDeploymentPostprocessing = 0;
			shellPath = /bin/sh;
			shellScript = "\"${SRCROOT}/Pods/Target Support Files/Pods/Pods-resources.sh\"\n";
			showEnvVarsInLog = 0;
		};
		7ACDE237E7AEBE2263EF766A /* Check Pods Manifest.lock */ = {
			isa = PBXShellScriptBuildPhase;
			buildActionMask = 2147483647;
			files = (
			);
			inputPaths = (
			);
			name = "Check Pods Manifest.lock";
			outputPaths = (
			);
			runOnlyForDeploymentPostprocessing = 0;
			shellPath = /bin/sh;
			shellScript = "diff \"${PODS_ROOT}/../Podfile.lock\" \"${PODS_ROOT}/Manifest.lock\" > /dev/null\nif [[ $? != 0 ]] ; then\n    cat << EOM\nerror: The sandbox is not in sync with the Podfile.lock. Run 'pod install' or update your CocoaPods installation.\nEOM\n    exit 1\nfi\n";
			showEnvVarsInLog = 0;
		};
		C657FB31EBA2DC28E34EADE0 /* Embed Pods Frameworks */ = {
			isa = PBXShellScriptBuildPhase;
			buildActionMask = 2147483647;
			files = (
			);
			inputPaths = (
			);
			name = "Embed Pods Frameworks";
			outputPaths = (
			);
			runOnlyForDeploymentPostprocessing = 0;
			shellPath = /bin/sh;
			shellScript = "\"${SRCROOT}/Pods/Target Support Files/Pods/Pods-frameworks.sh\"\n";
			showEnvVarsInLog = 0;
		};
/* End PBXShellScriptBuildPhase section */

/* Begin PBXSourcesBuildPhase section */
		01D341961C029C9C000A32A1 /* Sources */ = {
			isa = PBXSourcesBuildPhase;
			buildActionMask = 2147483647;
			files = (
				01F876A01C22857000FF0801 /* SearchWordController.m in Sources */,
				018628201C21B75B003C9C21 /* ShareOrderDetailController.m in Sources */,
				01B7AC7A1C23E62700D09565 /* UIView+Extension.m in Sources */,
				011E37521C1E64830032FB13 /* SelectCloudNumController.m in Sources */,
				01D341A21C029C9C000A32A1 /* AppDelegate.m in Sources */,
				01D3419F1C029C9C000A32A1 /* main.m in Sources */,
				01747DFC1C1D54270051086C /* CloudNumberCell.m in Sources */,
				01D3B7311C1FDE0E00C86772 /* GoodsCategoryCell.m in Sources */,
				012626401C1ABA7400509985 /* CloudRecordCell.m in Sources */,
				0111BA021C03564500DDC2EA /* AnnounceController.m in Sources */,
				01F712891C1A617200D859A7 /* UITabBarController+ShowHideBar.m in Sources */,
				015B58C61C216BCB008EF7A1 /* ShareOrderController.m in Sources */,
				01782B721C05EF850028768F /* PerTableController.m in Sources */,
				01747E141C1D76CC0051086C /* ComputeDetailCell.m in Sources */,
				01E96BA91C1DC5C3006ED4CD /* ComputeDetailController.m in Sources */,
				014FEFAA1C06018300C247C5 /* LoginController.m in Sources */,
				017F6BE11C02BE050040385A /* Plug_Controller.m in Sources */,
				0111BA1A1C0370D600DDC2EA /* PerNavController.m in Sources */,
				01747E061C1D5ADD0051086C /* DidAnnounceController.m in Sources */,
				0111BA171C0370AD00DDC2EA /* ShopNavController.m in Sources */,
				015B58B91C213E83008EF7A1 /* GoodsSortCell.m in Sources */,
				0126264A1C1ACE9900509985 /* DetailController.m in Sources */,
				012626441C1AC2AF00509985 /* CloudRecordController.m in Sources */,
				01B7AC811C23F01300D09565 /* DB.m in Sources */,
				014FEFB01C060B9C00C247C5 /* ARLabel.m in Sources */,
				01747E101C1D6BA60051086C /* InAnnounceController.m in Sources */,
				0111B9F51C03550F00DDC2EA /* AllGoodsController.m in Sources */,
				015B58C21C215EB9008EF7A1 /* ShareOrderCell.m in Sources */,
				0110AA5C1C0D8D03009A8660 /* PopularGoodsCell.m in Sources */,
				0111B9ED1C0354B100DDC2EA /* ShopCartController.m in Sources */,
				0111BA141C03709700DDC2EA /* GoodsNavController.m in Sources */,
				019E09721C173C730022593A /* NewGoodsCell.m in Sources */,
				01F8769C1C226A3E00FF0801 /* SearchWordCell.m in Sources */,
				0111BA231C0372D700DDC2EA /* MainTabBarController.m in Sources */,
				01B7AC771C23E62700D09565 /* HistoryTableViewCell.m in Sources */,
				019E096A1C17342A0022593A /* AnnNavController.m in Sources */,
				01CB8CDA1C11A6AB00DB67C0 /* IndexController.m in Sources */,
				0111BA201C0371B000DDC2EA /* HomeNavController.m in Sources */,
				012626471C1AC39600509985 /* MyCloudRecordController.m in Sources */,
				01B7AC791C23E62700D09565 /* HWSearchBar.m in Sources */,
				01747E0D1C1D68660051086C /* CloudNumberController.m in Sources */,
				01B7AC821C23F01300D09565 /* HistoryClass.m in Sources */,
				018619E51C15DC8200EABF64 /* AllGoodsCell.m in Sources */,
				011E374E1C1E5F960032FB13 /* SelectCloudNumCell.m in Sources */,
				0111B9E31C03543F00DDC2EA /* PersonalController.m in Sources */,
				01652BC31C19E1B700310880 /* GoodsDetailController.m in Sources */,
			);
			runOnlyForDeploymentPostprocessing = 0;
		};
/* End PBXSourcesBuildPhase section */

/* Begin XCBuildConfiguration section */
		01D341AF1C029C9C000A32A1 /* Debug */ = {
			isa = XCBuildConfiguration;
			buildSettings = {
				ALWAYS_SEARCH_USER_PATHS = NO;
				CLANG_CXX_LANGUAGE_STANDARD = "gnu++0x";
				CLANG_CXX_LIBRARY = "libc++";
				CLANG_ENABLE_MODULES = YES;
				CLANG_ENABLE_OBJC_ARC = YES;
				CLANG_WARN_BOOL_CONVERSION = YES;
				CLANG_WARN_CONSTANT_CONVERSION = YES;
				CLANG_WARN_DIRECT_OBJC_ISA_USAGE = YES_ERROR;
				CLANG_WARN_EMPTY_BODY = YES;
				CLANG_WARN_ENUM_CONVERSION = YES;
				CLANG_WARN_INT_CONVERSION = YES;
				CLANG_WARN_OBJC_ROOT_CLASS = YES_ERROR;
				CLANG_WARN_UNREACHABLE_CODE = YES;
				CLANG_WARN__DUPLICATE_METHOD_MATCH = YES;
				"CODE_SIGN_IDENTITY[sdk=iphoneos*]" = "iPhone Developer";
				COPY_PHASE_STRIP = NO;
				DEBUG_INFORMATION_FORMAT = dwarf;
				ENABLE_STRICT_OBJC_MSGSEND = YES;
				ENABLE_TESTABILITY = YES;
				GCC_C_LANGUAGE_STANDARD = gnu99;
				GCC_DYNAMIC_NO_PIC = NO;
				GCC_NO_COMMON_BLOCKS = YES;
				GCC_OPTIMIZATION_LEVEL = 0;
				GCC_PREPROCESSOR_DEFINITIONS = (
					"DEBUG=1",
					"$(inherited)",
				);
				GCC_WARN_64_TO_32_BIT_CONVERSION = YES;
				GCC_WARN_ABOUT_RETURN_TYPE = YES_ERROR;
				GCC_WARN_UNDECLARED_SELECTOR = YES;
				GCC_WARN_UNINITIALIZED_AUTOS = YES_AGGRESSIVE;
				GCC_WARN_UNUSED_FUNCTION = YES;
				GCC_WARN_UNUSED_VARIABLE = YES;
				IPHONEOS_DEPLOYMENT_TARGET = 9.1;
				MTL_ENABLE_DEBUG_INFO = YES;
				ONLY_ACTIVE_ARCH = YES;
				SDKROOT = iphoneos;
			};
			name = Debug;
		};
		01D341B01C029C9C000A32A1 /* Release */ = {
			isa = XCBuildConfiguration;
			buildSettings = {
				ALWAYS_SEARCH_USER_PATHS = NO;
				CLANG_CXX_LANGUAGE_STANDARD = "gnu++0x";
				CLANG_CXX_LIBRARY = "libc++";
				CLANG_ENABLE_MODULES = YES;
				CLANG_ENABLE_OBJC_ARC = YES;
				CLANG_WARN_BOOL_CONVERSION = YES;
				CLANG_WARN_CONSTANT_CONVERSION = YES;
				CLANG_WARN_DIRECT_OBJC_ISA_USAGE = YES_ERROR;
				CLANG_WARN_EMPTY_BODY = YES;
				CLANG_WARN_ENUM_CONVERSION = YES;
				CLANG_WARN_INT_CONVERSION = YES;
				CLANG_WARN_OBJC_ROOT_CLASS = YES_ERROR;
				CLANG_WARN_UNREACHABLE_CODE = YES;
				CLANG_WARN__DUPLICATE_METHOD_MATCH = YES;
				"CODE_SIGN_IDENTITY[sdk=iphoneos*]" = "iPhone Developer";
				COPY_PHASE_STRIP = NO;
				DEBUG_INFORMATION_FORMAT = "dwarf-with-dsym";
				ENABLE_NS_ASSERTIONS = NO;
				ENABLE_STRICT_OBJC_MSGSEND = YES;
				GCC_C_LANGUAGE_STANDARD = gnu99;
				GCC_NO_COMMON_BLOCKS = YES;
				GCC_WARN_64_TO_32_BIT_CONVERSION = YES;
				GCC_WARN_ABOUT_RETURN_TYPE = YES_ERROR;
				GCC_WARN_UNDECLARED_SELECTOR = YES;
				GCC_WARN_UNINITIALIZED_AUTOS = YES_AGGRESSIVE;
				GCC_WARN_UNUSED_FUNCTION = YES;
				GCC_WARN_UNUSED_VARIABLE = YES;
				IPHONEOS_DEPLOYMENT_TARGET = 9.1;
				MTL_ENABLE_DEBUG_INFO = NO;
				SDKROOT = iphoneos;
				VALIDATE_PRODUCT = YES;
			};
			name = Release;
		};
		01D341B21C029C9C000A32A1 /* Debug */ = {
			isa = XCBuildConfiguration;
			baseConfigurationReference = 9B652E5F27C3DB6697758CCD /* Pods.debug.xcconfig */;
			buildSettings = {
				ASSETCATALOG_COMPILER_APPICON_NAME = AppIcon;
				ASSETCATALOG_COMPILER_LAUNCHIMAGE_NAME = "Brand Assets";
				CODE_SIGN_IDENTITY = "iPhone Developer";
				INFOPLIST_FILE = CrowdfundingShop/Info.plist;
				IPHONEOS_DEPLOYMENT_TARGET = 9.0;
				LD_RUNPATH_SEARCH_PATHS = "$(inherited) @executable_path/Frameworks";
				PRODUCT_BUNDLE_IDENTIFIER = com.winainfo.CrowdfundingShop;
				PRODUCT_NAME = "$(TARGET_NAME)";
			};
			name = Debug;
		};
		01D341B31C029C9C000A32A1 /* Release */ = {
			isa = XCBuildConfiguration;
			baseConfigurationReference = EBE22145F38242CB9F8264B9 /* Pods.release.xcconfig */;
			buildSettings = {
				ASSETCATALOG_COMPILER_APPICON_NAME = AppIcon;
				ASSETCATALOG_COMPILER_LAUNCHIMAGE_NAME = "Brand Assets";
				CODE_SIGN_IDENTITY = "iPhone Developer";
				INFOPLIST_FILE = CrowdfundingShop/Info.plist;
				IPHONEOS_DEPLOYMENT_TARGET = 9.0;
				LD_RUNPATH_SEARCH_PATHS = "$(inherited) @executable_path/Frameworks";
				PRODUCT_BUNDLE_IDENTIFIER = com.winainfo.CrowdfundingShop;
				PRODUCT_NAME = "$(TARGET_NAME)";
			};
			name = Release;
		};
/* End XCBuildConfiguration section */

/* Begin XCConfigurationList section */
		01D341951C029C9C000A32A1 /* Build configuration list for PBXProject "CrowdfundingShop" */ = {
			isa = XCConfigurationList;
			buildConfigurations = (
				01D341AF1C029C9C000A32A1 /* Debug */,
				01D341B01C029C9C000A32A1 /* Release */,
			);
			defaultConfigurationIsVisible = 0;
			defaultConfigurationName = Release;
		};
		01D341B11C029C9C000A32A1 /* Build configuration list for PBXNativeTarget "CrowdfundingShop" */ = {
			isa = XCConfigurationList;
			buildConfigurations = (
				01D341B21C029C9C000A32A1 /* Debug */,
				01D341B31C029C9C000A32A1 /* Release */,
			);
			defaultConfigurationIsVisible = 0;
			defaultConfigurationName = Release;
		};
/* End XCConfigurationList section */
	};
	rootObject = 01D341921C029C9C000A32A1 /* Project object */;
}
